
Microsoft Visual Studio Solution File, Format Version 12.00
# Visual Studio 14
VisualStudioVersion = 14.0.25420.1
MinimumVisualStudioVersion = 10.0.40219.1
Project("{8BC9CEB8-8B4A-11D0-8D11-00A0C91BC942}") = "MyApplication", "ARToolKit_Demo\MyApplication.vcxproj", "{3FC4D5D9-D9A0-4417-8DB0-AE7B0FB4ABB9}"
EndProject
Project("{8BC9CEB8-8B4A-11D0-8D11-00A0C91BC942}") = "simpleTest", "simpleTest\simpleTest.vcxproj", "{94923F1E-D3FD-490A-9B8E-63C810C5DB88}"
EndProject
Project("{8BC9CEB8-8B4A-11D0-8D11-00A0C91BC942}") = "multitest1", "multiTest\multitest1.vcxproj", "{8F7A9BA6-B227-4FA2-B07C-67C4581A62DD}"
EndProject
Project("{8BC9CEB8-8B4A-11D0-8D11-00A0C91BC942}") = "simpleVRML", "simpleVRML\simpleVRML.vcxproj", "{067719F4-9F47-4B37-A8B3-BBA5A85C6667}"
EndProject
Project("{8BC9CEB8-8B4A-11D0-8D11-00A0C91BC942}") = "multitest2", "multitest2\multitest2.vcxproj", "{2F8E6E98-D14B-4938-970E-88300F03092D}"
EndProject
Project("{8BC9CEB8-8B4A-11D0-8D11-00A0C91BC942}") = "Switch_Demo", "Switch_Demo\Switch_Demo.vcxproj", "{14CFDC01-C305-48AC-9795-6291B12C7831}"
EndProject
Global
	GlobalSection(SolutionConfigurationPlatforms) = preSolution
		Debug|x64 = Debug|x64
		Debug|x86 = Debug|x86
		Release|x64 = Release|x64
		Release|x86 = Release|x86
	EndGlobalSection
	GlobalSection(ProjectConfigurationPlatforms) = postSolution
		{3FC4D5D9-D9A0-4417-8DB0-AE7B0FB4ABB9}.Debug|x64.ActiveCfg = Debug|x64
		{3FC4D5D9-D9A0-4417-8DB0-AE7B0FB4ABB9}.Debug|x64.Build.0 = Debug|x64
		{3FC4D5D9-D9A0-4417-8DB0-AE7B0FB4ABB9}.Debug|x86.ActiveCfg = Debug|Win32
		{3FC4D5D9-D9A0-4417-8DB0-AE7B0FB4ABB9}.Debug|x86.Build.0 = Debug|Win32
		{3FC4D5D9-D9A0-4417-8DB0-AE7B0FB4ABB9}.Release|x64.ActiveCfg = Release|x64
		{3FC4D5D9-D9A0-4417-8DB0-AE7B0FB4ABB9}.Release|x64.Build.0 = Release|x64
		{3FC4D5D9-D9A0-4417-8DB0-AE7B0FB4ABB9}.Release|x86.ActiveCfg = Release|Win32
		{3FC4D5D9-D9A0-4417-8DB0-AE7B0FB4ABB9}.Release|x86.Build.0 = Release|Win32
		{94923F1E-D3FD-490A-9B8E-63C810C5DB88}.Debug|x64.ActiveCfg = Debug|x64
		{94923F1E-D3FD-490A-9B8E-63C810C5DB88}.Debug|x64.Build.0 = Debug|x64
		{94923F1E-D3FD-490A-9B8E-63C810C5DB88}.Debug|x86.ActiveCfg = Debug|Win32
		{94923F1E-D3FD-490A-9B8E-63C810C5DB88}.Debug|x86.Build.0 = Debug|Win32
		{94923F1E-D3FD-490A-9B8E-63C810C5DB88}.Release|x64.ActiveCfg = Release|x64
		{94923F1E-D3FD-490A-9B8E-63C810C5DB88}.Release|x64.Build.0 = Release|x64
		{94923F1E-D3FD-490A-9B8E-63C810C5DB88}.Release|x86.ActiveCfg = Release|Win32
		{94923F1E-D3FD-490A-9B8E-63C810C5DB88}.Release|x86.Build.0 = Release|Win32
		{8F7A9BA6-B227-4FA2-B07C-67C4581A62DD}.Debug|x64.ActiveCfg = Debug|x64
		{8F7A9BA6-B227-4FA2-B07C-67C4581A62DD}.Debug|x64.Build.0 = Debug|x64
		{8F7A9BA6-B227-4FA2-B07C-67C4581A62DD}.Debug|x86.ActiveCfg = Debug|Win32
		{8F7A9BA6-B227-4FA2-B07C-67C4581A62DD}.Debug|x86.Build.0 = Debug|Win32
		{8F7A9BA6-B227-4FA2-B07C-67C4581A62DD}.Release|x64.ActiveCfg = Release|x64
		{8F7A9BA6-B227-4FA2-B07C-67C4581A62DD}.Release|x64.Build.0 = Release|x64
		{8F7A9BA6-B227-4FA2-B07C-67C4581A62DD}.Release|x86.ActiveCfg = Release|Win32
		{8F7A9BA6-B227-4FA2-B07C-67C4581A62DD}.Release|x86.Build.0 = Release|Win32
		{067719F4-9F47-4B37-A8B3-BBA5A85C6667}.Debug|x64.ActiveCfg = Debug|x64
		{067719F4-9F47-4B37-A8B3-BBA5A85C6667}.Debug|x64.Build.0 = Debug|x64
		{067719F4-9F47-4B37-A8B3-BBA5A85C6667}.Debug|x86.ActiveCfg = Debug|Win32
		{067719F4-9F47-4B37-A8B3-BBA5A85C6667}.Debug|x86.Build.0 = Debug|Win32
		{067719F4-9F47-4B37-A8B3-BBA5A85C6667}.Release|x64.ActiveCfg = Release|x64
		{067719F4-9F47-4B37-A8B3-BBA5A85C6667}.Release|x64.Build.0 = Release|x64
		{067719F4-9F47-4B37-A8B3-BBA5A85C6667}.Release|x86.ActiveCfg = Release|Win32
		{067719F4-9F47-4B37-A8B3-BBA5A85C6667}.Release|x86.Build.0 = Release|Win32
		{2F8E6E98-D14B-4938-970E-88300F03092D}.Debug|x64.ActiveCfg = Debug|x64
		{2F8E6E98-D14B-4938-970E-88300F03092D}.Debug|x64.Build.0 = Debug|x64
		{2F8E6E98-D14B-4938-970E-88300F03092D}.Debug|x86.ActiveCfg = Debug|Win32
		{2F8E6E98-D14B-4938-970E-88300F03092D}.Debug|x86.Build.0 = Debug|Win32
		{2F8E6E98-D14B-4938-970E-88300F03092D}.Release|x64.ActiveCfg = Release|x64
		{2F8E6E98-D14B-4938-970E-88300F03092D}.Release|x64.Build.0 = Release|x64
		{2F8E6E98-D14B-4938-970E-88300F03092D}.Release|x86.ActiveCfg = Release|Win32
		{2F8E6E98-D14B-4938-970E-88300F03092D}.Release|x86.Build.0 = Release|Win32
		{14CFDC01-C305-48AC-9795-6291B12C7831}.Debug|x64.ActiveCfg = Debug|x64
		{14CFDC01-C305-48AC-9795-6291B12C7831}.Debug|x64.Build.0 = Debug|x64
		{14CFDC01-C305-48AC-9795-6291B12C7831}.Debug|x86.ActiveCfg = Debug|Win32
		{14CFDC01-C305-48AC-9795-6291B12C7831}.Debug|x86.Build.0 = Debug|Win32
		{14CFDC01-C305-48AC-9795-6291B12C7831}.Release|x64.ActiveCfg = Release|x64
		{14CFDC01-C305-48AC-9795-6291B12C7831}.Release|x64.Build.0 = Release|x64
		{14CFDC01-C305-48AC-9795-6291B12C7831}.Release|x86.ActiveCfg = Release|Win32
		{14CFDC01-C305-48AC-9795-6291B12C7831}.Release|x86.Build.0 = Release|Win32
	EndGlobalSection
	GlobalSection(SolutionProperties) = preSolution
		HideSolutionNode = FALSE
	EndGlobalSection
EndGlobal
